# This file is automatically @generated by Cargo.
# It is not intended for manual editing.
version = 3

[[package]]
name = "anyhow"
version = "1.0.72"
source = "registry+https://github.com/rust-lang/crates.io-index"
checksum = "3b13c32d80ecc7ab747b80c3784bce54ee8a7a0cc4fbda9bf4cda2cf6fe90854"

[[package]]
name = "bitflags"
version = "1.3.2"
source = "registry+https://github.com/rust-lang/crates.io-index"
checksum = "bef38d45163c2f1dde094a7dfd33ccf595c92905c8f8f4fdc18d06fb1037718a"

[[package]]
name = "ieee-apsqrt"
version = "0.1.0"
source = "registry+https://github.com/rust-lang/crates.io-index"
checksum = "3a37b28e2c2df8d42b16e007542a035a0d47ed387cd15bc79d2ee2457ef1103a"
dependencies = [
 "rustc_apfloat",
]

[[package]]
name = "rrv32"
version = "0.1.0"
dependencies = [
 "anyhow",
 "ieee-apsqrt",
 "rustc_apfloat",
]

[[package]]
name = "rustc_apfloat"
version = "0.2.0+llvm-462a31f5a5ab"
source = "registry+https://github.com/rust-lang/crates.io-index"
checksum = "465187772033a5ee566f69fe008df03628fce549a0899aae76f0a0c2e34696be"
dependencies = [
 "bitflags",
 "smallvec",
]

[[package]]
name = "smallvec"
version = "1.11.0"
source = "registry+https://github.com/rust-lang/crates.io-index"
checksum = "62bb4feee49fdd9f707ef802e22365a35de4b7b299de4763d44bfea899442ff9"
